// !$*UTF8*$!
{
	archiveVersion = 1;
	classes = {
	};
	objectVersion = 55;
	objects = {

/* Begin PBXBuildFile section */
		0A6E36A62749B74E0077B113 /* RoundedCorners.swift in Sources */ = {isa = PBXBuildFile; fileRef = 0A6E36A52749B74E0077B113 /* RoundedCorners.swift */; };
		0AA80EBE274FF09000497A88 /* YlepApiService.swift in Sources */ = {isa = PBXBuildFile; fileRef = 0AA80EBD274FF09000497A88 /* YlepApiService.swift */; };
		0AD877E6274ABCCE00582AE9 /* SearchBarView.swift in Sources */ = {isa = PBXBuildFile; fileRef = 0AD877E5274ABCCE00582AE9 /* SearchBarView.swift */; };
		0AD877EA274AFD3600582AE9 /* HomeViewModel.swift in Sources */ = {isa = PBXBuildFile; fileRef = 0AD877E9274AFD3600582AE9 /* HomeViewModel.swift */; };
		0AD877EC274B061B00582AE9 /* MyMapView.swift in Sources */ = {isa = PBXBuildFile; fileRef = 0AD877EB274B061B00582AE9 /* MyMapView.swift */; };
		0AFA21AF2747F2EC00A94008 /* FoodSpotlightAppApp.swift in Sources */ = {isa = PBXBuildFile; fileRef = 0AFA21AE2747F2EC00A94008 /* FoodSpotlightAppApp.swift */; };
		0AFA21B12747F2EC00A94008 /* HomeView.swift in Sources */ = {isa = PBXBuildFile; fileRef = 0AFA21B02747F2EC00A94008 /* HomeView.swift */; };
		0AFA21B32747F2ED00A94008 /* Assets.xcassets in Resources */ = {isa = PBXBuildFile; fileRef = 0AFA21B22747F2ED00A94008 /* Assets.xcassets */; };
		0AFA21B62747F2ED00A94008 /* Preview Assets.xcassets in Resources */ = {isa = PBXBuildFile; fileRef = 0AFA21B52747F2ED00A94008 /* Preview Assets.xcassets */; };
		0AFA21B82747F2ED00A94008 /* Persistence.swift in Sources */ = {isa = PBXBuildFile; fileRef = 0AFA21B72747F2ED00A94008 /* Persistence.swift */; };
		0AFA21BB2747F2ED00A94008 /* FoodSpotlightApp.xcdatamodeld in Sources */ = {isa = PBXBuildFile; fileRef = 0AFA21B92747F2ED00A94008 /* FoodSpotlightApp.xcdatamodeld */; };
		0AFA21C52747F2ED00A94008 /* FoodSpotlightAppTests.swift in Sources */ = {isa = PBXBuildFile; fileRef = 0AFA21C42747F2ED00A94008 /* FoodSpotlightAppTests.swift */; };
		0AFA21CF2747F2ED00A94008 /* FoodSpotlightAppUITests.swift in Sources */ = {isa = PBXBuildFile; fileRef = 0AFA21CE2747F2ED00A94008 /* FoodSpotlightAppUITests.swift */; };
		0AFA21D12747F2ED00A94008 /* FoodSpotlightAppUITestsLaunchTests.swift in Sources */ = {isa = PBXBuildFile; fileRef = 0AFA21D02747F2ED00A94008 /* FoodSpotlightAppUITestsLaunchTests.swift */; };
/* End PBXBuildFile section */

/* Begin PBXContainerItemProxy section */
		0AFA21C12747F2ED00A94008 /* PBXContainerItemProxy */ = {
			isa = PBXContainerItemProxy;
			containerPortal = 0AFA21A32747F2EC00A94008 /* Project object */;
			proxyType = 1;
			remoteGlobalIDString = 0AFA21AA2747F2EC00A94008;
			remoteInfo = FoodSpotlightApp;
		};
		0AFA21CB2747F2ED00A94008 /* PBXContainerItemProxy */ = {
			isa = PBXContainerItemProxy;
			containerPortal = 0AFA21A32747F2EC00A94008 /* Project object */;
			proxyType = 1;
			remoteGlobalIDString = 0AFA21AA2747F2EC00A94008;
			remoteInfo = FoodSpotlightApp;
		};
/* End PBXContainerItemProxy section */

/* Begin PBXFileReference section */
		0A6E36A52749B74E0077B113 /* RoundedCorners.swift */ = {isa = PBXFileReference; lastKnownFileType = sourcecode.swift; path = RoundedCorners.swift; sourceTree = "<group>"; };
		0AA80EBD274FF09000497A88 /* YlepApiService.swift */ = {isa = PBXFileReference; lastKnownFileType = sourcecode.swift; path = YlepApiService.swift; sourceTree = "<group>"; };
		0AD877E5274ABCCE00582AE9 /* SearchBarView.swift */ = {isa = PBXFileReference; lastKnownFileType = sourcecode.swift; path = SearchBarView.swift; sourceTree = "<group>"; };
		0AD877E9274AFD3600582AE9 /* HomeViewModel.swift */ = {isa = PBXFileReference; lastKnownFileType = sourcecode.swift; path = HomeViewModel.swift; sourceTree = "<group>"; };
		0AD877EB274B061B00582AE9 /* MyMapView.swift */ = {isa = PBXFileReference; lastKnownFileType = sourcecode.swift; path = MyMapView.swift; sourceTree = "<group>"; };
		0AFA21AB2747F2EC00A94008 /* FoodSpotlightApp.app */ = {isa = PBXFileReference; explicitFileType = wrapper.application; includeInIndex = 0; path = FoodSpotlightApp.app; sourceTree = BUILT_PRODUCTS_DIR; };
		0AFA21AE2747F2EC00A94008 /* FoodSpotlightAppApp.swift */ = {isa = PBXFileReference; lastKnownFileType = sourcecode.swift; path = FoodSpotlightAppApp.swift; sourceTree = "<group>"; };
		0AFA21B02747F2EC00A94008 /* HomeView.swift */ = {isa = PBXFileReference; lastKnownFileType = sourcecode.swift; path = HomeView.swift; sourceTree = "<group>"; };
		0AFA21B22747F2ED00A94008 /* Assets.xcassets */ = {isa = PBXFileReference; lastKnownFileType = folder.assetcatalog; path = Assets.xcassets; sourceTree = "<group>"; };
		0AFA21B52747F2ED00A94008 /* Preview Assets.xcassets */ = {isa = PBXFileReference; lastKnownFileType = folder.assetcatalog; path = "Preview Assets.xcassets"; sourceTree = "<group>"; };
		0AFA21B72747F2ED00A94008 /* Persistence.swift */ = {isa = PBXFileReference; lastKnownFileType = sourcecode.swift; path = Persistence.swift; sourceTree = "<group>"; };
		0AFA21BA2747F2ED00A94008 /* FoodSpotlightApp.xcdatamodel */ = {isa = PBXFileReference; lastKnownFileType = wrapper.xcdatamodel; path = FoodSpotlightApp.xcdatamodel; sourceTree = "<group>"; };
		0AFA21C02747F2ED00A94008 /* FoodSpotlightAppTests.xctest */ = {isa = PBXFileReference; explicitFileType = wrapper.cfbundle; includeInIndex = 0; path = FoodSpotlightAppTests.xctest; sourceTree = BUILT_PRODUCTS_DIR; };
		0AFA21C42747F2ED00A94008 /* FoodSpotlightAppTests.swift */ = {isa = PBXFileReference; lastKnownFileType = sourcecode.swift; path = FoodSpotlightAppTests.swift; sourceTree = "<group>"; };
		0AFA21CA2747F2ED00A94008 /* FoodSpotlightAppUITests.xctest */ = {isa = PBXFileReference; explicitFileType = wrapper.cfbundle; includeInIndex = 0; path = FoodSpotlightAppUITests.xctest; sourceTree = BUILT_PRODUCTS_DIR; };
		0AFA21CE2747F2ED00A94008 /* FoodSpotlightAppUITests.swift */ = {isa = PBXFileReference; lastKnownFileType = sourcecode.swift; path = FoodSpotlightAppUITests.swift; sourceTree = "<group>"; };
		0AFA21D02747F2ED00A94008 /* FoodSpotlightAppUITestsLaunchTests.swift */ = {isa = PBXFileReference; lastKnownFileType = sourcecode.swift; path = FoodSpotlightAppUITestsLaunchTests.swift; sourceTree = "<group>"; };
/* End PBXFileReference section */

/* Begin PBXFrameworksBuildPhase section */
		0AFA21A82747F2EC00A94008 /* Frameworks */ = {
			isa = PBXFrameworksBuildPhase;
			buildActionMask = 2147483647;
			files = (
			);
			runOnlyForDeploymentPostprocessing = 0;
		};
		0AFA21BD2747F2ED00A94008 /* Frameworks */ = {
			isa = PBXFrameworksBuildPhase;
			buildActionMask = 2147483647;
			files = (
			);
			runOnlyForDeploymentPostprocessing = 0;
		};
		0AFA21C72747F2ED00A94008 /* Frameworks */ = {
			isa = PBXFrameworksBuildPhase;
			buildActionMask = 2147483647;
			files = (
			);
			runOnlyForDeploymentPostprocessing = 0;
		};
/* End PBXFrameworksBuildPhase section */

/* Begin PBXGroup section */
		0AA80EBC274FF06400497A88 /* Services */ = {
			isa = PBXGroup;
			children = (
				0AA80EBD274FF09000497A88 /* YlepApiService.swift */,
			);
			path = Services;
			sourceTree = "<group>";
		};
		0AFA21A22747F2EC00A94008 = {
			isa = PBXGroup;
			children = (
				0AFA21AD2747F2EC00A94008 /* FoodSpotlightApp */,
				0AFA21C32747F2ED00A94008 /* FoodSpotlightAppTests */,
				0AFA21CD2747F2ED00A94008 /* FoodSpotlightAppUITests */,
				0AFA21AC2747F2EC00A94008 /* Products */,
			);
			sourceTree = "<group>";
		};
		0AFA21AC2747F2EC00A94008 /* Products */ = {
			isa = PBXGroup;
			children = (
				0AFA21AB2747F2EC00A94008 /* FoodSpotlightApp.app */,
				0AFA21C02747F2ED00A94008 /* FoodSpotlightAppTests.xctest */,
				0AFA21CA2747F2ED00A94008 /* FoodSpotlightAppUITests.xctest */,
			);
			name = Products;
			sourceTree = "<group>";
		};
		0AFA21AD2747F2EC00A94008 /* FoodSpotlightApp */ = {
			isa = PBXGroup;
			children = (
				0AA80EBC274FF06400497A88 /* Services */,
				0AD877E9274AFD3600582AE9 /* HomeViewModel.swift */,
				0AD877E5274ABCCE00582AE9 /* SearchBarView.swift */,
				0AFA21AE2747F2EC00A94008 /* FoodSpotlightAppApp.swift */,
				0AFA21B02747F2EC00A94008 /* HomeView.swift */,
				0AFA21B22747F2ED00A94008 /* Assets.xcassets */,
				0AFA21B72747F2ED00A94008 /* Persistence.swift */,
				0AFA21B92747F2ED00A94008 /* FoodSpotlightApp.xcdatamodeld */,
				0AFA21B42747F2ED00A94008 /* Preview Content */,
				0A6E36A52749B74E0077B113 /* RoundedCorners.swift */,
				0AD877EB274B061B00582AE9 /* MyMapView.swift */,
			);
			path = FoodSpotlightApp;
			sourceTree = "<group>";
		};
		0AFA21B42747F2ED00A94008 /* Preview Content */ = {
			isa = PBXGroup;
			children = (
				0AFA21B52747F2ED00A94008 /* Preview Assets.xcassets */,
			);
			path = "Preview Content";
			sourceTree = "<group>";
		};
		0AFA21C32747F2ED00A94008 /* FoodSpotlightAppTests */ = {
			isa = PBXGroup;
			children = (
				0AFA21C42747F2ED00A94008 /* FoodSpotlightAppTests.swift */,
			);
			path = FoodSpotlightAppTests;
			sourceTree = "<group>";
		};
		0AFA21CD2747F2ED00A94008 /* FoodSpotlightAppUITests */ = {
			isa = PBXGroup;
			children = (
				0AFA21CE2747F2ED00A94008 /* FoodSpotlightAppUITests.swift */,
				0AFA21D02747F2ED00A94008 /* FoodSpotlightAppUITestsLaunchTests.swift */,
			);
			path = FoodSpotlightAppUITests;
			sourceTree = "<group>";
		};
/* End PBXGroup section */

/* Begin PBXNativeTarget section */
		0AFA21AA2747F2EC00A94008 /* FoodSpotlightApp */ = {
			isa = PBXNativeTarget;
			buildConfigurationList = 0AFA21D42747F2ED00A94008 /* Build configuration list for PBXNativeTarget "FoodSpotlightApp" */;
			buildPhases = (
				0AFA21A72747F2EC00A94008 /* Sources */,
				0AFA21A82747F2EC00A94008 /* Frameworks */,
				0AFA21A92747F2EC00A94008 /* Resources */,
			);
			buildRules = (
			);
			dependencies = (
			);
			name = FoodSpotlightApp;
			productName = FoodSpotlightApp;
			productReference = 0AFA21AB2747F2EC00A94008 /* FoodSpotlightApp.app */;
			productType = "com.apple.product-type.application";
		};
		0AFA21BF2747F2ED00A94008 /* FoodSpotlightAppTests */ = {
			isa = PBXNativeTarget;
			buildConfigurationList = 0AFA21D72747F2ED00A94008 /* Build configuration list for PBXNativeTarget "FoodSpotlightAppTests" */;
			buildPhases = (
				0AFA21BC2747F2ED00A94008 /* Sources */,
				0AFA21BD2747F2ED00A94008 /* Frameworks */,
				0AFA21BE2747F2ED00A94008 /* Resources */,
			);
			buildRules = (
			);
			dependencies = (
				0AFA21C22747F2ED00A94008 /* PBXTargetDependency */,
			);
			name = FoodSpotlightAppTests;
			productName = FoodSpotlightAppTests;
			productReference = 0AFA21C02747F2ED00A94008 /* FoodSpotlightAppTests.xctest */;
			productType = "com.apple.product-type.bundle.unit-test";
		};
		0AFA21C92747F2ED00A94008 /* FoodSpotlightAppUITests */ = {
			isa = PBXNativeTarget;
			buildConfigurationList = 0AFA21DA2747F2ED00A94008 /* Build configuration list for PBXNativeTarget "FoodSpotlightAppUITests" */;
			buildPhases = (
				0AFA21C62747F2ED00A94008 /* Sources */,
				0AFA21C72747F2ED00A94008 /* Frameworks */,
				0AFA21C82747F2ED00A94008 /* Resources */,
			);
			buildRules = (
			);
			dependencies = (
				0AFA21CC2747F2ED00A94008 /* PBXTargetDependency */,
			);
			name = FoodSpotlightAppUITests;
			productName = FoodSpotlightAppUITests;
			productReference = 0AFA21CA2747F2ED00A94008 /* FoodSpotlightAppUITests.xctest */;
			productType = "com.apple.product-type.bundle.ui-testing";
		};
/* End PBXNativeTarget section */

/* Begin PBXProject section */
		0AFA21A32747F2EC00A94008 /* Project object */ = {
			isa = PBXProject;
			attributes = {
				BuildIndependentTargetsInParallel = 1;
				LastSwiftUpdateCheck = 1310;
				LastUpgradeCheck = 1310;
				TargetAttributes = {
					0AFA21AA2747F2EC00A94008 = {
						CreatedOnToolsVersion = 13.1;
					};
					0AFA21BF2747F2ED00A94008 = {
						CreatedOnToolsVersion = 13.1;
						TestTargetID = 0AFA21AA2747F2EC00A94008;
					};
					0AFA21C92747F2ED00A94008 = {
						CreatedOnToolsVersion = 13.1;
						TestTargetID = 0AFA21AA2747F2EC00A94008;
					};
				};
			};
			buildConfigurationList = 0AFA21A62747F2EC00A94008 /* Build configuration list for PBXProject "FoodSpotlightApp" */;
			compatibilityVersion = "Xcode 13.0";
			developmentRegion = en;
			hasScannedForEncodings = 0;
			knownRegions = (
				en,
				Base,
			);
			mainGroup = 0AFA21A22747F2EC00A94008;
			productRefGroup = 0AFA21AC2747F2EC00A94008 /* Products */;
			projectDirPath = "";
			projectRoot = "";
			targets = (
				0AFA21AA2747F2EC00A94008 /* FoodSpotlightApp */,
				0AFA21BF2747F2ED00A94008 /* FoodSpotlightAppTests */,
				0AFA21C92747F2ED00A94008 /* FoodSpotlightAppUITests */,
			);
		};
/* End PBXProject section */

/* Begin PBXResourcesBuildPhase section */
		0AFA21A92747F2EC00A94008 /* Resources */ = {
			isa = PBXResourcesBuildPhase;
			buildActionMask = 2147483647;
			files = (
				0AFA21B62747F2ED00A94008 /* Preview Assets.xcassets in Resources */,
				0AFA21B32747F2ED00A94008 /* Assets.xcassets in Resources */,
			);
			runOnlyForDeploymentPostprocessing = 0;
		};
		0AFA21BE2747F2ED00A94008 /* Resources */ = {
			isa = PBXResourcesBuildPhase;
			buildActionMask = 2147483647;
			files = (
			);
			runOnlyForDeploymentPostprocessing = 0;
		};
		0AFA21C82747F2ED00A94008 /* Resources */ = {
			isa = PBXResourcesBuildPhase;
			buildActionMask = 2147483647;
			files = (
			);
			runOnlyForDeploymentPostprocessing = 0;
		};
/* End PBXResourcesBuildPhase section */

/* Begin PBXSourcesBuildPhase section */
		0AFA21A72747F2EC00A94008 /* Sources */ = {
			isa = PBXSourcesBuildPhase;
			buildActionMask = 2147483647;
			files = (
				0A6E36A62749B74E0077B113 /* RoundedCorners.swift in Sources */,
				0AD877EC274B061B00582AE9 /* MyMapView.swift in Sources */,
				0AFA21BB2747F2ED00A94008 /* FoodSpotlightApp.xcdatamodeld in Sources */,
				0AFA21B82747F2ED00A94008 /* Persistence.swift in Sources */,
				0AD877EA274AFD3600582AE9 /* HomeViewModel.swift in Sources */,
				0AFA21B12747F2EC00A94008 /* HomeView.swift in Sources */,
				0AD877E6274ABCCE00582AE9 /* SearchBarView.swift in Sources */,
				0AFA21AF2747F2EC00A94008 /* FoodSpotlightAppApp.swift in Sources */,
				0AA80EBE274FF09000497A88 /* YlepApiService.swift in Sources */,
			);
			runOnlyForDeploymentPostprocessing = 0;
		};
		0AFA21BC2747F2ED00A94008 /* Sources */ = {
			isa = PBXSourcesBuildPhase;
			buildActionMask = 2147483647;
			files = (
				0AFA21C52747F2ED00A94008 /* FoodSpotlightAppTests.swift in Sources */,
			);
			runOnlyForDeploymentPostprocessing = 0;
		};
		0AFA21C62747F2ED00A94008 /* Sources */ = {
			isa = PBXSourcesBuildPhase;
			buildActionMask = 2147483647;
			files = (
				0AFA21CF2747F2ED00A94008 /* FoodSpotlightAppUITests.swift in Sources */,
				0AFA21D12747F2ED00A94008 /* FoodSpotlightAppUITestsLaunchTests.swift in Sources */,
			);
			runOnlyForDeploymentPostprocessing = 0;
		};
/* End PBXSourcesBuildPhase section */

/* Begin PBXTargetDependency section */
		0AFA21C22747F2ED00A94008 /* PBXTargetDependency */ = {
			isa = PBXTargetDependency;
			target = 0AFA21AA2747F2EC00A94008 /* FoodSpotlightApp */;
			targetProxy = 0AFA21C12747F2ED00A94008 /* PBXContainerItemProxy */;
		};
		0AFA21CC2747F2ED00A94008 /* PBXTargetDependency */ = {
			isa = PBXTargetDependency;
			target = 0AFA21AA2747F2EC00A94008 /* FoodSpotlightApp */;
			targetProxy = 0AFA21CB2747F2ED00A94008 /* PBXContainerItemProxy */;
		};
/* End PBXTargetDependency section */

/* Begin XCBuildConfiguration section */
		0AFA21D22747F2ED00A94008 /* Debug */ = {
			isa = XCBuildConfiguration;
			buildSettings = {
				ALWAYS_SEARCH_USER_PATHS = NO;
				CLANG_ANALYZER_NONNULL = YES;
				CLANG_ANALYZER_NUMBER_OBJECT_CONVERSION = YES_AGGRESSIVE;
				CLANG_CXX_LANGUAGE_STANDARD = "gnu++17";
				CLANG_CXX_LIBRARY = "libc++";
				CLANG_ENABLE_MODULES = YES;
				CLANG_ENABLE_OBJC_ARC = YES;
				CLANG_ENABLE_OBJC_WEAK = YES;
				CLANG_WARN_BLOCK_CAPTURE_AUTORELEASING = YES;
				CLANG_WARN_BOOL_CONVERSION = YES;
				CLANG_WARN_COMMA = YES;
				CLANG_WARN_CONSTANT_CONVERSION = YES;
				CLANG_WARN_DEPRECATED_OBJC_IMPLEMENTATIONS = YES;
				CLANG_WARN_DIRECT_OBJC_ISA_USAGE = YES_ERROR;
				CLANG_WARN_DOCUMENTATION_COMMENTS = YES;
				CLANG_WARN_EMPTY_BODY = YES;
				CLANG_WARN_ENUM_CONVERSION = YES;
				CLANG_WARN_INFINITE_RECURSION = YES;
				CLANG_WARN_INT_CONVERSION = YES;
				CLANG_WARN_NON_LITERAL_NULL_CONVERSION = YES;
				CLANG_WARN_OBJC_IMPLICIT_RETAIN_SELF = YES;
				CLANG_WARN_OBJC_LITERAL_CONVERSION = YES;
				CLANG_WARN_OBJC_ROOT_CLASS = YES_ERROR;
				CLANG_WARN_QUOTED_INCLUDE_IN_FRAMEWORK_HEADER = YES;
				CLANG_WARN_RANGE_LOOP_ANALYSIS = YES;
				CLANG_WARN_STRICT_PROTOTYPES = YES;
				CLANG_WARN_SUSPICIOUS_MOVE = YES;
				CLANG_WARN_UNGUARDED_AVAILABILITY = YES_AGGRESSIVE;
				CLANG_WARN_UNREACHABLE_CODE = YES;
				CLANG_WARN__DUPLICATE_METHOD_MATCH = YES;
				COPY_PHASE_STRIP = NO;
				DEBUG_INFORMATION_FORMAT = dwarf;
				ENABLE_STRICT_OBJC_MSGSEND = YES;
				ENABLE_TESTABILITY = YES;
				GCC_C_LANGUAGE_STANDARD = gnu11;
				GCC_DYNAMIC_NO_PIC = NO;
				GCC_NO_COMMON_BLOCKS = YES;
				GCC_OPTIMIZATION_LEVEL = 0;
				GCC_PREPROCESSOR_DEFINITIONS = (
					"DEBUG=1",
					"$(inherited)",
				);
				GCC_WARN_64_TO_32_BIT_CONVERSION = YES;
				GCC_WARN_ABOUT_RETURN_TYPE = YES_ERROR;
				GCC_WARN_UNDECLARED_SELECTOR = YES;
				GCC_WARN_UNINITIALIZED_AUTOS = YES_AGGRESSIVE;
				GCC_WARN_UNUSED_FUNCTION = YES;
				GCC_WARN_UNUSED_VARIABLE = YES;
				IPHONEOS_DEPLOYMENT_TARGET = 15.0;
				MTL_ENABLE_DEBUG_INFO = INCLUDE_SOURCE;
				MTL_FAST_MATH = YES;
				ONLY_ACTIVE_ARCH = YES;
				SDKROOT = iphoneos;
				SWIFT_ACTIVE_COMPILATION_CONDITIONS = DEBUG;
				SWIFT_OPTIMIZATION_LEVEL = "-Onone";
			};
			name = Debug;
		};
		0AFA21D32747F2ED00A94008 /* Release */ = {
			isa = XCBuildConfiguration;
			buildSettings = {
				ALWAYS_SEARCH_USER_PATHS = NO;
				CLANG_ANALYZER_NONNULL = YES;
				CLANG_ANALYZER_NUMBER_OBJECT_CONVERSION = YES_AGGRESSIVE;
				CLANG_CXX_LANGUAGE_STANDARD = "gnu++17";
				CLANG_CXX_LIBRARY = "libc++";
				CLANG_ENABLE_MODULES = YES;
				CLANG_ENABLE_OBJC_ARC = YES;
				CLANG_ENABLE_OBJC_WEAK = YES;
				CLANG_WARN_BLOCK_CAPTURE_AUTORELEASING = YES;
				CLANG_WARN_BOOL_CONVERSION = YES;
				CLANG_WARN_COMMA = YES;
				CLANG_WARN_CONSTANT_CONVERSION = YES;
				CLANG_WARN_DEPRECATED_OBJC_IMPLEMENTATIONS = YES;
				CLANG_WARN_DIRECT_OBJC_ISA_USAGE = YES_ERROR;
				CLANG_WARN_DOCUMENTATION_COMMENTS = YES;
				CLANG_WARN_EMPTY_BODY = YES;
				CLANG_WARN_ENUM_CONVERSION = YES;
				CLANG_WARN_INFINITE_RECURSION = YES;
				CLANG_WARN_INT_CONVERSION = YES;
				CLANG_WARN_NON_LITERAL_NULL_CONVERSION = YES;
				CLANG_WARN_OBJC_IMPLICIT_RETAIN_SELF = YES;
				CLANG_WARN_OBJC_LITERAL_CONVERSION = YES;
				CLANG_WARN_OBJC_ROOT_CLASS = YES_ERROR;
				CLANG_WARN_QUOTED_INCLUDE_IN_FRAMEWORK_HEADER = YES;
				CLANG_WARN_RANGE_LOOP_ANALYSIS = YES;
				CLANG_WARN_STRICT_PROTOTYPES = YES;
				CLANG_WARN_SUSPICIOUS_MOVE = YES;
				CLANG_WARN_UNGUARDED_AVAILABILITY = YES_AGGRESSIVE;
				CLANG_WARN_UNREACHABLE_CODE = YES;
				CLANG_WARN__DUPLICATE_METHOD_MATCH = YES;
				COPY_PHASE_STRIP = NO;
				DEBUG_INFORMATION_FORMAT = "dwarf-with-dsym";
				ENABLE_NS_ASSERTIONS = NO;
				ENABLE_STRICT_OBJC_MSGSEND = YES;
				GCC_C_LANGUAGE_STANDARD = gnu11;
				GCC_NO_COMMON_BLOCKS = YES;
				GCC_WARN_64_TO_32_BIT_CONVERSION = YES;
				GCC_WARN_ABOUT_RETURN_TYPE = YES_ERROR;
				GCC_WARN_UNDECLARED_SELECTOR = YES;
				GCC_WARN_UNINITIALIZED_AUTOS = YES_AGGRESSIVE;
				GCC_WARN_UNUSED_FUNCTION = YES;
				GCC_WARN_UNUSED_VARIABLE = YES;
				IPHONEOS_DEPLOYMENT_TARGET = 15.0;
				MTL_ENABLE_DEBUG_INFO = NO;
				MTL_FAST_MATH = YES;
				SDKROOT = iphoneos;
				SWIFT_COMPILATION_MODE = wholemodule;
				SWIFT_OPTIMIZATION_LEVEL = "-O";
				VALIDATE_PRODUCT = YES;
			};
			name = Release;
		};
		0AFA21D52747F2ED00A94008 /* Debug */ = {
			isa = XCBuildConfiguration;
			buildSettings = {
				ASSETCATALOG_COMPILER_APPICON_NAME = AppIcon;
				ASSETCATALOG_COMPILER_GLOBAL_ACCENT_COLOR_NAME = AccentColor;
				CODE_SIGN_STYLE = Automatic;
				CURRENT_PROJECT_VERSION = 1;
				DEVELOPMENT_ASSET_PATHS = "\"FoodSpotlightApp/Preview Content\"";
				ENABLE_PREVIEWS = YES;
				GENERATE_INFOPLIST_FILE = YES;
				INFOPLIST_KEY_UIApplicationSceneManifest_Generation = YES;
				INFOPLIST_KEY_UIApplicationSupportsIndirectInputEvents = YES;
				INFOPLIST_KEY_UILaunchScreen_Generation = YES;
				INFOPLIST_KEY_UISupportedInterfaceOrientations_iPad = "UIInterfaceOrientationPortrait UIInterfaceOrientationPortraitUpsideDown UIInterfaceOrientationLandscapeLeft UIInterfaceOrientationLandscapeRight";
				INFOPLIST_KEY_UISupportedInterfaceOrientations_iPhone = "UIInterfaceOrientationPortrait UIInterfaceOrientationLandscapeLeft UIInterfaceOrientationLandscapeRight";
				LD_RUNPATH_SEARCH_PATHS = (
					"$(inherited)",
					"@executable_path/Frameworks",
				);
				MARKETING_VERSION = 1.0;
				PRODUCT_BUNDLE_IDENTIFIER = test.org.FoodSpotlightApp;
				PRODUCT_NAME = "$(TARGET_NAME)";
				SWIFT_EMIT_LOC_STRINGS = YES;
				SWIFT_VERSION = 5.0;
				TARGETED_DEVICE_FAMILY = "1,2";
			};
			name = Debug;
		};
		0AFA21D62747F2ED00A94008 /* Release */ = {
			isa = XCBuildConfiguration;
			buildSettings = {
				ASSETCATALOG_COMPILER_APPICON_NAME = AppIcon;
				ASSETCATALOG_COMPILER_GLOBAL_ACCENT_COLOR_NAME = AccentColor;
				CODE_SIGN_STYLE = Automatic;
				CURRENT_PROJECT_VERSION = 1;
				DEVELOPMENT_ASSET_PATHS = "\"FoodSpotlightApp/Preview Content\"";
				ENABLE_PREVIEWS = YES;
				GENERATE_INFOPLIST_FILE = YES;
				INFOPLIST_KEY_UIApplicationSceneManifest_Generation = YES;
				INFOPLIST_KEY_UIApplicationSupportsIndirectInputEvents = YES;
				INFOPLIST_KEY_UILaunchScreen_Generation = YES;
				INFOPLIST_KEY_UISupportedInterfaceOrientations_iPad = "UIInterfaceOrientationPortrait UIInterfaceOrientationPortraitUpsideDown UIInterfaceOrientationLandscapeLeft UIInterfaceOrientationLandscapeRight";
				INFOPLIST_KEY_UISupportedInterfaceOrientations_iPhone = "UIInterfaceOrientationPortrait UIInterfaceOrientationLandscapeLeft UIInterfaceOrientationLandscapeRight";
				LD_RUNPATH_SEARCH_PATHS = (
					"$(inherited)",
					"@executable_path/Frameworks",
				);
				MARKETING_VERSION = 1.0;
				PRODUCT_BUNDLE_IDENTIFIER = test.org.FoodSpotlightApp;
				PRODUCT_NAME = "$(TARGET_NAME)";
				SWIFT_EMIT_LOC_STRINGS = YES;
				SWIFT_VERSION = 5.0;
				TARGETED_DEVICE_FAMILY = "1,2";
			};
			name = Release;
		};
		0AFA21D82747F2ED00A94008 /* Debug */ = {
			isa = XCBuildConfiguration;
			buildSettings = {
				ALWAYS_EMBED_SWIFT_STANDARD_LIBRARIES = YES;
				BUNDLE_LOADER = "$(TEST_HOST)";
				CODE_SIGN_STYLE = Automatic;
				CURRENT_PROJECT_VERSION = 1;
				GENERATE_INFOPLIST_FILE = YES;
				IPHONEOS_DEPLOYMENT_TARGET = 15.0;
				LD_RUNPATH_SEARCH_PATHS = (
					"$(inherited)",
					"@executable_path/Frameworks",
					"@loader_path/Frameworks",
				);
				MARKETING_VERSION = 1.0;
				PRODUCT_BUNDLE_IDENTIFIER = test.org.FoodSpotlightAppTests;
				PRODUCT_NAME = "$(TARGET_NAME)";
				SWIFT_EMIT_LOC_STRINGS = NO;
				SWIFT_VERSION = 5.0;
				TARGETED_DEVICE_FAMILY = "1,2";
				TEST_HOST = "$(BUILT_PRODUCTS_DIR)/FoodSpotlightApp.app/FoodSpotlightApp";
			};
			name = Debug;
		};
		0AFA21D92747F2ED00A94008 /* Release */ = {
			isa = XCBuildConfiguration;
			buildSettings = {
				ALWAYS_EMBED_SWIFT_STANDARD_LIBRARIES = YES;
				BUNDLE_LOADER = "$(TEST_HOST)";
				CODE_SIGN_STYLE = Automatic;
				CURRENT_PROJECT_VERSION = 1;
				GENERATE_INFOPLIST_FILE = YES;
				IPHONEOS_DEPLOYMENT_TARGET = 15.0;
				LD_RUNPATH_SEARCH_PATHS = (
					"$(inherited)",
					"@executable_path/Frameworks",
					"@loader_path/Frameworks",
				);
				MARKETING_VERSION = 1.0;
				PRODUCT_BUNDLE_IDENTIFIER = test.org.FoodSpotlightAppTests;
				PRODUCT_NAME = "$(TARGET_NAME)";
				SWIFT_EMIT_LOC_STRINGS = NO;
				SWIFT_VERSION = 5.0;
				TARGETED_DEVICE_FAMILY = "1,2";
				TEST_HOST = "$(BUILT_PRODUCTS_DIR)/FoodSpotlightApp.app/FoodSpotlightApp";
			};
			name = Release;
		};
		0AFA21DB2747F2ED00A94008 /* Debug */ = {
			isa = XCBuildConfiguration;
			buildSettings = {
				ALWAYS_EMBED_SWIFT_STANDARD_LIBRARIES = YES;
				CODE_SIGN_STYLE = Automatic;
				CURRENT_PROJECT_VERSION = 1;
				GENERATE_INFOPLIST_FILE = YES;
				LD_RUNPATH_SEARCH_PATHS = (
					"$(inherited)",
					"@executable_path/Frameworks",
					"@loader_path/Frameworks",
				);
				MARKETING_VERSION = 1.0;
				PRODUCT_BUNDLE_IDENTIFIER = test.org.FoodSpotlightAppUITests;
				PRODUCT_NAME = "$(TARGET_NAME)";
				SWIFT_EMIT_LOC_STRINGS = NO;
				SWIFT_VERSION = 5.0;
				TARGETED_DEVICE_FAMILY = "1,2";
				TEST_TARGET_NAME = FoodSpotlightApp;
			};
			name = Debug;
		};
		0AFA21DC2747F2ED00A94008 /* Release */ = {
			isa = XCBuildConfiguration;
			buildSettings = {
				ALWAYS_EMBED_SWIFT_STANDARD_LIBRARIES = YES;
				CODE_SIGN_STYLE = Automatic;
				CURRENT_PROJECT_VERSION = 1;
				GENERATE_INFOPLIST_FILE = YES;
				LD_RUNPATH_SEARCH_PATHS = (
					"$(inherited)",
					"@executable_path/Frameworks",
					"@loader_path/Frameworks",
				);
				MARKETING_VERSION = 1.0;
				PRODUCT_BUNDLE_IDENTIFIER = test.org.FoodSpotlightAppUITests;
				PRODUCT_NAME = "$(TARGET_NAME)";
				SWIFT_EMIT_LOC_STRINGS = NO;
				SWIFT_VERSION = 5.0;
				TARGETED_DEVICE_FAMILY = "1,2";
				TEST_TARGET_NAME = FoodSpotlightApp;
			};
			name = Release;
		};
/* End XCBuildConfiguration section */

/* Begin XCConfigurationList section */
		0AFA21A62747F2EC00A94008 /* Build configuration list for PBXProject "FoodSpotlightApp" */ = {
			isa = XCConfigurationList;
			buildConfigurations = (
				0AFA21D22747F2ED00A94008 /* Debug */,
				0AFA21D32747F2ED00A94008 /* Release */,
			);
			defaultConfigurationIsVisible = 0;
			defaultConfigurationName = Release;
		};
		0AFA21D42747F2ED00A94008 /* Build configuration list for PBXNativeTarget "FoodSpotlightApp" */ = {
			isa = XCConfigurationList;
			buildConfigurations = (
				0AFA21D52747F2ED00A94008 /* Debug */,
				0AFA21D62747F2ED00A94008 /* Release */,
			);
			defaultConfigurationIsVisible = 0;
			defaultConfigurationName = Release;
		};
		0AFA21D72747F2ED00A94008 /* Build configuration list for PBXNativeTarget "FoodSpotlightAppTests" */ = {
			isa = XCConfigurationList;
			buildConfigurations = (
				0AFA21D82747F2ED00A94008 /* Debug */,
				0AFA21D92747F2ED00A94008 /* Release */,
			);
			defaultConfigurationIsVisible = 0;
			defaultConfigurationName = Release;
		};
		0AFA21DA2747F2ED00A94008 /* Build configuration list for PBXNativeTarget "FoodSpotlightAppUITests" */ = {
			isa = XCConfigurationList;
			buildConfigurations = (
				0AFA21DB2747F2ED00A94008 /* Debug */,
				0AFA21DC2747F2ED00A94008 /* Release */,
			);
			defaultConfigurationIsVisible = 0;
			defaultConfigurationName = Release;
		};
/* End XCConfigurationList section */

/* Begin XCVersionGroup section */
		0AFA21B92747F2ED00A94008 /* FoodSpotlightApp.xcdatamodeld */ = {
			isa = XCVersionGroup;
			children = (
				0AFA21BA2747F2ED00A94008 /* FoodSpotlightApp.xcdatamodel */,
			);
			currentVersion = 0AFA21BA2747F2ED00A94008 /* FoodSpotlightApp.xcdatamodel */;
			path = FoodSpotlightApp.xcdatamodeld;
			sourceTree = "<group>";
			versionGroupType = wrapper.xcdatamodel;
		};
/* End XCVersionGroup section */
	};
	rootObject = 0AFA21A32747F2EC00A94008 /* Project object */;
}
